
Microsoft Visual Studio Solution File, Format Version 12.00
# Visual Studio Version 16
VisualStudioVersion = 16.0.29424.173
MinimumVisualStudioVersion = 10.0.40219.1
Project("{FAE04EC0-301F-11D3-BF4B-00C04F79EFBC}") = "NetCoreResfulProxy", "NetCoreResfulProxy\NetCoreResfulProxy.csproj", "{7E6F735C-4371-4330-8317-F958469ECB06}"
EndProject
Global
	GlobalSection(SolutionConfigurationPlatforms) = preSolution
		Debug|Any CPU = Debug|Any CPU
		Release|Any CPU = Release|Any CPU
	EndGlobalSection
	GlobalSection(ProjectConfigurationPlatforms) = postSolution
		{7E6F735C-4371-4330-8317-F958469ECB06}.Debug|Any CPU.ActiveCfg = Debug|Any CPU
		{7E6F735C-4371-4330-8317-F958469ECB06}.Debug|Any CPU.Build.0 = Debug|Any CPU
		{7E6F735C-4371-4330-8317-F958469ECB06}.Release|Any CPU.ActiveCfg = Release|Any CPU
		{7E6F735C-4371-4330-8317-F958469ECB06}.Release|Any CPU.Build.0 = Release|Any CPU
	EndGlobalSection
	GlobalSection(SolutionProperties) = preSolution
		HideSolutionNode = FALSE
	EndGlobalSection
	GlobalSection(ExtensibilityGlobals) = postSolution
		SolutionGuid = {C54143A7-6333-4300-BF64-90C4E0D5D8CC}
	EndGlobalSection
EndGlobal
